<Solution>
  <Project Path="SmartTask.AccessDatas/SmartTask.AccessDatas.csproj" Id="64bb2002-ab71-4163-9758-60e90b47e61b" />
  <Project Path="SmartTask.Business/SmartTask.Business.csproj" Id="2af3f3dc-78d7-4bb4-9ad9-049158933a44" />
  <Project Path="SmartTask.Dtos/SmartTask.Dtos.csproj" Id="c1f74a59-fdc3-4674-b3cb-7a77c8854f15" />
  <Project Path="SmartTask.Models/SmartTask.Models.csproj" Id="e433e6ff-816c-4b7a-b3b2-e0adf521f243" />
  <Project Path="SmartTask.Share/SmartTask.Share.csproj" Id="910209cd-aa86-4120-82a5-755e5d61c837" />
  <Project Path="SmartTask.Web/SmartTask.Web.csproj" />
</Solution>
